
Microsoft Visual Studio Solution File, Format Version 12.00
# Visual Studio 14
VisualStudioVersion = 14.0.25420.1
MinimumVisualStudioVersion = 10.0.40219.1
Project("{FAE04EC0-301F-11D3-BF4B-00C04F79EFBC}") = "Maintenance_RolicGoronok", "Maintenance_RolicGoronok\Maintenance_RolicGoronok.csproj", "{E57474B4-AB5E-4DDE-9499-45C92BA7D1EC}"
EndProject
Global
	GlobalSection(SolutionConfigurationPlatforms) = preSolution
		Debug|Any CPU = Debug|Any CPU
		Release|Any CPU = Release|Any CPU
	EndGlobalSection
	GlobalSection(ProjectConfigurationPlatforms) = postSolution
		{E57474B4-AB5E-4DDE-9499-45C92BA7D1EC}.Debug|Any CPU.ActiveCfg = Debug|Any CPU
		{E57474B4-AB5E-4DDE-9499-45C92BA7D1EC}.Debug|Any CPU.Build.0 = Debug|Any CPU
		{E57474B4-AB5E-4DDE-9499-45C92BA7D1EC}.Release|Any CPU.ActiveCfg = Release|Any CPU
		{E57474B4-AB5E-4DDE-9499-45C92BA7D1EC}.Release|Any CPU.Build.0 = Release|Any CPU
	EndGlobalSection
	GlobalSection(SolutionProperties) = preSolution
		HideSolutionNode = FALSE
	EndGlobalSection
EndGlobal
